// !$*UTF8*$!
{
	archiveVersion = 1;
	classes = {
	};
	objectVersion = 55;
	objects = {

/* Begin PBXBuildFile section */
		3D5509B42840DA92000BE026 /* GifSearchViewModel.swift in Sources */ = {isa = PBXBuildFile; fileRef = 3D5509B32840DA92000BE026 /* GifSearchViewModel.swift */; };
		3D5509B72840DAC1000BE026 /* GifQueryResultModel.swift in Sources */ = {isa = PBXBuildFile; fileRef = 3D5509B62840DAC1000BE026 /* GifQueryResultModel.swift */; };
		3D5509B92840DAF3000BE026 /* GifSearchTableViewCell.swift in Sources */ = {isa = PBXBuildFile; fileRef = 3D5509B82840DAF3000BE026 /* GifSearchTableViewCell.swift */; };
		3D5509BB2840DB1E000BE026 /* NetworkingService.swift in Sources */ = {isa = PBXBuildFile; fileRef = 3D5509BA2840DB1E000BE026 /* NetworkingService.swift */; };
		3D96DCDF2840D9B000613BCA /* AppDelegate.swift in Sources */ = {isa = PBXBuildFile; fileRef = 3D96DCDE2840D9B000613BCA /* AppDelegate.swift */; };
		3D96DCE12840D9B000613BCA /* SceneDelegate.swift in Sources */ = {isa = PBXBuildFile; fileRef = 3D96DCE02840D9B000613BCA /* SceneDelegate.swift */; };
		3D96DCE32840D9B000613BCA /* ViewController.swift in Sources */ = {isa = PBXBuildFile; fileRef = 3D96DCE22840D9B000613BCA /* ViewController.swift */; };
		3D96DCE82840D9B100613BCA /* Assets.xcassets in Resources */ = {isa = PBXBuildFile; fileRef = 3D96DCE72840D9B100613BCA /* Assets.xcassets */; };
		3D96DCEB2840D9B100613BCA /* LaunchScreen.storyboard in Resources */ = {isa = PBXBuildFile; fileRef = 3D96DCE92840D9B100613BCA /* LaunchScreen.storyboard */; };
		3D96DCF62840D9B100613BCA /* GiphySearchTests.swift in Sources */ = {isa = PBXBuildFile; fileRef = 3D96DCF52840D9B100613BCA /* GiphySearchTests.swift */; };
		3D96DD002840D9B100613BCA /* GiphySearchUITests.swift in Sources */ = {isa = PBXBuildFile; fileRef = 3D96DCFF2840D9B100613BCA /* GiphySearchUITests.swift */; };
		3D96DD022840D9B100613BCA /* GiphySearchUITestsLaunchTests.swift in Sources */ = {isa = PBXBuildFile; fileRef = 3D96DD012840D9B100613BCA /* GiphySearchUITestsLaunchTests.swift */; };
		3D96DD102840DA0900613BCA /* FLAnimatedImage in Frameworks */ = {isa = PBXBuildFile; productRef = 3D96DD0F2840DA0900613BCA /* FLAnimatedImage */; };
/* End PBXBuildFile section */

/* Begin PBXContainerItemProxy section */
		3D96DCF22840D9B100613BCA /* PBXContainerItemProxy */ = {
			isa = PBXContainerItemProxy;
			containerPortal = 3D96DCD32840D9B000613BCA /* Project object */;
			proxyType = 1;
			remoteGlobalIDString = 3D96DCDA2840D9B000613BCA;
			remoteInfo = GiphySearch;
		};
		3D96DCFC2840D9B100613BCA /* PBXContainerItemProxy */ = {
			isa = PBXContainerItemProxy;
			containerPortal = 3D96DCD32840D9B000613BCA /* Project object */;
			proxyType = 1;
			remoteGlobalIDString = 3D96DCDA2840D9B000613BCA;
			remoteInfo = GiphySearch;
		};
/* End PBXContainerItemProxy section */

/* Begin PBXFileReference section */
		3D5509B32840DA92000BE026 /* GifSearchViewModel.swift */ = {isa = PBXFileReference; lastKnownFileType = sourcecode.swift; path = GifSearchViewModel.swift; sourceTree = "<group>"; };
		3D5509B62840DAC1000BE026 /* GifQueryResultModel.swift */ = {isa = PBXFileReference; lastKnownFileType = sourcecode.swift; path = GifQueryResultModel.swift; sourceTree = "<group>"; };
		3D5509B82840DAF3000BE026 /* GifSearchTableViewCell.swift */ = {isa = PBXFileReference; lastKnownFileType = sourcecode.swift; path = GifSearchTableViewCell.swift; sourceTree = "<group>"; };
		3D5509BA2840DB1E000BE026 /* NetworkingService.swift */ = {isa = PBXFileReference; lastKnownFileType = sourcecode.swift; path = NetworkingService.swift; sourceTree = "<group>"; };
		3D96DCDB2840D9B000613BCA /* GiphySearch.app */ = {isa = PBXFileReference; explicitFileType = wrapper.application; includeInIndex = 0; path = GiphySearch.app; sourceTree = BUILT_PRODUCTS_DIR; };
		3D96DCDE2840D9B000613BCA /* AppDelegate.swift */ = {isa = PBXFileReference; lastKnownFileType = sourcecode.swift; path = AppDelegate.swift; sourceTree = "<group>"; };
		3D96DCE02840D9B000613BCA /* SceneDelegate.swift */ = {isa = PBXFileReference; lastKnownFileType = sourcecode.swift; path = SceneDelegate.swift; sourceTree = "<group>"; };
		3D96DCE22840D9B000613BCA /* ViewController.swift */ = {isa = PBXFileReference; lastKnownFileType = sourcecode.swift; path = ViewController.swift; sourceTree = "<group>"; };
		3D96DCE72840D9B100613BCA /* Assets.xcassets */ = {isa = PBXFileReference; lastKnownFileType = folder.assetcatalog; path = Assets.xcassets; sourceTree = "<group>"; };
		3D96DCEA2840D9B100613BCA /* Base */ = {isa = PBXFileReference; lastKnownFileType = file.storyboard; name = Base; path = Base.lproj/LaunchScreen.storyboard; sourceTree = "<group>"; };
		3D96DCEC2840D9B100613BCA /* Info.plist */ = {isa = PBXFileReference; lastKnownFileType = text.plist.xml; path = Info.plist; sourceTree = "<group>"; };
		3D96DCF12840D9B100613BCA /* GiphySearchTests.xctest */ = {isa = PBXFileReference; explicitFileType = wrapper.cfbundle; includeInIndex = 0; path = GiphySearchTests.xctest; sourceTree = BUILT_PRODUCTS_DIR; };
		3D96DCF52840D9B100613BCA /* GiphySearchTests.swift */ = {isa = PBXFileReference; lastKnownFileType = sourcecode.swift; path = GiphySearchTests.swift; sourceTree = "<group>"; };
		3D96DCFB2840D9B100613BCA /* GiphySearchUITests.xctest */ = {isa = PBXFileReference; explicitFileType = wrapper.cfbundle; includeInIndex = 0; path = GiphySearchUITests.xctest; sourceTree = BUILT_PRODUCTS_DIR; };
		3D96DCFF2840D9B100613BCA /* GiphySearchUITests.swift */ = {isa = PBXFileReference; lastKnownFileType = sourcecode.swift; path = GiphySearchUITests.swift; sourceTree = "<group>"; };
		3D96DD012840D9B100613BCA /* GiphySearchUITestsLaunchTests.swift */ = {isa = PBXFileReference; lastKnownFileType = sourcecode.swift; path = GiphySearchUITestsLaunchTests.swift; sourceTree = "<group>"; };
/* End PBXFileReference section */

/* Begin PBXFrameworksBuildPhase section */
		3D96DCD82840D9B000613BCA /* Frameworks */ = {
			isa = PBXFrameworksBuildPhase;
			buildActionMask = 2147483647;
			files = (
				3D96DD102840DA0900613BCA /* FLAnimatedImage in Frameworks */,
			);
			runOnlyForDeploymentPostprocessing = 0;
		};
		3D96DCEE2840D9B100613BCA /* Frameworks */ = {
			isa = PBXFrameworksBuildPhase;
			buildActionMask = 2147483647;
			files = (
			);
			runOnlyForDeploymentPostprocessing = 0;
		};
		3D96DCF82840D9B100613BCA /* Frameworks */ = {
			isa = PBXFrameworksBuildPhase;
			buildActionMask = 2147483647;
			files = (
			);
			runOnlyForDeploymentPostprocessing = 0;
		};
/* End PBXFrameworksBuildPhase section */

/* Begin PBXGroup section */
		3D5509B52840DAAA000BE026 /* Models */ = {
			isa = PBXGroup;
			children = (
				3D5509B62840DAC1000BE026 /* GifQueryResultModel.swift */,
				3D5509BA2840DB1E000BE026 /* NetworkingService.swift */,
			);
			path = Models;
			sourceTree = "<group>";
		};
		3D96DCD22840D9B000613BCA = {
			isa = PBXGroup;
			children = (
				3D96DCDD2840D9B000613BCA /* GiphySearch */,
				3D96DCF42840D9B100613BCA /* GiphySearchTests */,
				3D96DCFE2840D9B100613BCA /* GiphySearchUITests */,
				3D96DCDC2840D9B000613BCA /* Products */,
			);
			sourceTree = "<group>";
		};
		3D96DCDC2840D9B000613BCA /* Products */ = {
			isa = PBXGroup;
			children = (
				3D96DCDB2840D9B000613BCA /* GiphySearch.app */,
				3D96DCF12840D9B100613BCA /* GiphySearchTests.xctest */,
				3D96DCFB2840D9B100613BCA /* GiphySearchUITests.xctest */,
			);
			name = Products;
			sourceTree = "<group>";
		};
		3D96DCDD2840D9B000613BCA /* GiphySearch */ = {
			isa = PBXGroup;
			children = (
				3D5509B52840DAAA000BE026 /* Models */,
				3D96DCDE2840D9B000613BCA /* AppDelegate.swift */,
				3D96DCE02840D9B000613BCA /* SceneDelegate.swift */,
				3D96DCE22840D9B000613BCA /* ViewController.swift */,
				3D96DCE72840D9B100613BCA /* Assets.xcassets */,
				3D96DCE92840D9B100613BCA /* LaunchScreen.storyboard */,
				3D96DCEC2840D9B100613BCA /* Info.plist */,
				3D5509B32840DA92000BE026 /* GifSearchViewModel.swift */,
				3D5509B82840DAF3000BE026 /* GifSearchTableViewCell.swift */,
			);
			path = GiphySearch;
			sourceTree = "<group>";
		};
		3D96DCF42840D9B100613BCA /* GiphySearchTests */ = {
			isa = PBXGroup;
			children = (
				3D96DCF52840D9B100613BCA /* GiphySearchTests.swift */,
			);
			path = GiphySearchTests;
			sourceTree = "<group>";
		};
		3D96DCFE2840D9B100613BCA /* GiphySearchUITests */ = {
			isa = PBXGroup;
			children = (
				3D96DCFF2840D9B100613BCA /* GiphySearchUITests.swift */,
				3D96DD012840D9B100613BCA /* GiphySearchUITestsLaunchTests.swift */,
			);
			path = GiphySearchUITests;
			sourceTree = "<group>";
		};
/* End PBXGroup section */

/* Begin PBXNativeTarget section */
		3D96DCDA2840D9B000613BCA /* GiphySearch */ = {
			isa = PBXNativeTarget;
			buildConfigurationList = 3D96DD052840D9B100613BCA /* Build configuration list for PBXNativeTarget "GiphySearch" */;
			buildPhases = (
				3D96DCD72840D9B000613BCA /* Sources */,
				3D96DCD82840D9B000613BCA /* Frameworks */,
				3D96DCD92840D9B000613BCA /* Resources */,
			);
			buildRules = (
			);
			dependencies = (
			);
			name = GiphySearch;
			packageProductDependencies = (
				3D96DD0F2840DA0900613BCA /* FLAnimatedImage */,
			);
			productName = GiphySearch;
			productReference = 3D96DCDB2840D9B000613BCA /* GiphySearch.app */;
			productType = "com.apple.product-type.application";
		};
		3D96DCF02840D9B100613BCA /* GiphySearchTests */ = {
			isa = PBXNativeTarget;
			buildConfigurationList = 3D96DD082840D9B100613BCA /* Build configuration list for PBXNativeTarget "GiphySearchTests" */;
			buildPhases = (
				3D96DCED2840D9B100613BCA /* Sources */,
				3D96DCEE2840D9B100613BCA /* Frameworks */,
				3D96DCEF2840D9B100613BCA /* Resources */,
			);
			buildRules = (
			);
			dependencies = (
				3D96DCF32840D9B100613BCA /* PBXTargetDependency */,
			);
			name = GiphySearchTests;
			productName = GiphySearchTests;
			productReference = 3D96DCF12840D9B100613BCA /* GiphySearchTests.xctest */;
			productType = "com.apple.product-type.bundle.unit-test";
		};
		3D96DCFA2840D9B100613BCA /* GiphySearchUITests */ = {
			isa = PBXNativeTarget;
			buildConfigurationList = 3D96DD0B2840D9B100613BCA /* Build configuration list for PBXNativeTarget "GiphySearchUITests" */;
			buildPhases = (
				3D96DCF72840D9B100613BCA /* Sources */,
				3D96DCF82840D9B100613BCA /* Frameworks */,
				3D96DCF92840D9B100613BCA /* Resources */,
			);
			buildRules = (
			);
			dependencies = (
				3D96DCFD2840D9B100613BCA /* PBXTargetDependency */,
			);
			name = GiphySearchUITests;
			productName = GiphySearchUITests;
			productReference = 3D96DCFB2840D9B100613BCA /* GiphySearchUITests.xctest */;
			productType = "com.apple.product-type.bundle.ui-testing";
		};
/* End PBXNativeTarget section */

/* Begin PBXProject section */
		3D96DCD32840D9B000613BCA /* Project object */ = {
			isa = PBXProject;
			attributes = {
				BuildIndependentTargetsInParallel = 1;
				LastSwiftUpdateCheck = 1340;
				LastUpgradeCheck = 1340;
				TargetAttributes = {
					3D96DCDA2840D9B000613BCA = {
						CreatedOnToolsVersion = 13.4;
					};
					3D96DCF02840D9B100613BCA = {
						CreatedOnToolsVersion = 13.4;
						TestTargetID = 3D96DCDA2840D9B000613BCA;
					};
					3D96DCFA2840D9B100613BCA = {
						CreatedOnToolsVersion = 13.4;
						TestTargetID = 3D96DCDA2840D9B000613BCA;
					};
				};
			};
			buildConfigurationList = 3D96DCD62840D9B000613BCA /* Build configuration list for PBXProject "GiphySearch" */;
			compatibilityVersion = "Xcode 13.0";
			developmentRegion = en;
			hasScannedForEncodings = 0;
			knownRegions = (
				en,
				Base,
			);
			mainGroup = 3D96DCD22840D9B000613BCA;
			packageReferences = (
				3D96DD0E2840DA0900613BCA /* XCRemoteSwiftPackageReference "FLAnimatedImage" */,
			);
			productRefGroup = 3D96DCDC2840D9B000613BCA /* Products */;
			projectDirPath = "";
			projectRoot = "";
			targets = (
				3D96DCDA2840D9B000613BCA /* GiphySearch */,
				3D96DCF02840D9B100613BCA /* GiphySearchTests */,
				3D96DCFA2840D9B100613BCA /* GiphySearchUITests */,
			);
		};
/* End PBXProject section */

/* Begin PBXResourcesBuildPhase section */
		3D96DCD92840D9B000613BCA /* Resources */ = {
			isa = PBXResourcesBuildPhase;
			buildActionMask = 2147483647;
			files = (
				3D96DCEB2840D9B100613BCA /* LaunchScreen.storyboard in Resources */,
				3D96DCE82840D9B100613BCA /* Assets.xcassets in Resources */,
			);
			runOnlyForDeploymentPostprocessing = 0;
		};
		3D96DCEF2840D9B100613BCA /* Resources */ = {
			isa = PBXResourcesBuildPhase;
			buildActionMask = 2147483647;
			files = (
			);
			runOnlyForDeploymentPostprocessing = 0;
		};
		3D96DCF92840D9B100613BCA /* Resources */ = {
			isa = PBXResourcesBuildPhase;
			buildActionMask = 2147483647;
			files = (
			);
			runOnlyForDeploymentPostprocessing = 0;
		};
/* End PBXResourcesBuildPhase section */

/* Begin PBXSourcesBuildPhase section */
		3D96DCD72840D9B000613BCA /* Sources */ = {
			isa = PBXSourcesBuildPhase;
			buildActionMask = 2147483647;
			files = (
				3D5509B72840DAC1000BE026 /* GifQueryResultModel.swift in Sources */,
				3D96DCE32840D9B000613BCA /* ViewController.swift in Sources */,
				3D96DCDF2840D9B000613BCA /* AppDelegate.swift in Sources */,
				3D96DCE12840D9B000613BCA /* SceneDelegate.swift in Sources */,
				3D5509B92840DAF3000BE026 /* GifSearchTableViewCell.swift in Sources */,
				3D5509BB2840DB1E000BE026 /* NetworkingService.swift in Sources */,
				3D5509B42840DA92000BE026 /* GifSearchViewModel.swift in Sources */,
			);
			runOnlyForDeploymentPostprocessing = 0;
		};
		3D96DCED2840D9B100613BCA /* Sources */ = {
			isa = PBXSourcesBuildPhase;
			buildActionMask = 2147483647;
			files = (
				3D96DCF62840D9B100613BCA /* GiphySearchTests.swift in Sources */,
			);
			runOnlyForDeploymentPostprocessing = 0;
		};
		3D96DCF72840D9B100613BCA /* Sources */ = {
			isa = PBXSourcesBuildPhase;
			buildActionMask = 2147483647;
			files = (
				3D96DD022840D9B100613BCA /* GiphySearchUITestsLaunchTests.swift in Sources */,
				3D96DD002840D9B100613BCA /* GiphySearchUITests.swift in Sources */,
			);
			runOnlyForDeploymentPostprocessing = 0;
		};
/* End PBXSourcesBuildPhase section */

/* Begin PBXTargetDependency section */
		3D96DCF32840D9B100613BCA /* PBXTargetDependency */ = {
			isa = PBXTargetDependency;
			target = 3D96DCDA2840D9B000613BCA /* GiphySearch */;
			targetProxy = 3D96DCF22840D9B100613BCA /* PBXContainerItemProxy */;
		};
		3D96DCFD2840D9B100613BCA /* PBXTargetDependency */ = {
			isa = PBXTargetDependency;
			target = 3D96DCDA2840D9B000613BCA /* GiphySearch */;
			targetProxy = 3D96DCFC2840D9B100613BCA /* PBXContainerItemProxy */;
		};
/* End PBXTargetDependency section */

/* Begin PBXVariantGroup section */
		3D96DCE92840D9B100613BCA /* LaunchScreen.storyboard */ = {
			isa = PBXVariantGroup;
			children = (
				3D96DCEA2840D9B100613BCA /* Base */,
			);
			name = LaunchScreen.storyboard;
			sourceTree = "<group>";
		};
/* End PBXVariantGroup section */

/* Begin XCBuildConfiguration section */
		3D96DD032840D9B100613BCA /* Debug */ = {
			isa = XCBuildConfiguration;
			buildSettings = {
				ALWAYS_SEARCH_USER_PATHS = NO;
				CLANG_ANALYZER_NONNULL = YES;
				CLANG_ANALYZER_NUMBER_OBJECT_CONVERSION = YES_AGGRESSIVE;
				CLANG_CXX_LANGUAGE_STANDARD = "gnu++17";
				CLANG_ENABLE_MODULES = YES;
				CLANG_ENABLE_OBJC_ARC = YES;
				CLANG_ENABLE_OBJC_WEAK = YES;
				CLANG_WARN_BLOCK_CAPTURE_AUTORELEASING = YES;
				CLANG_WARN_BOOL_CONVERSION = YES;
				CLANG_WARN_COMMA = YES;
				CLANG_WARN_CONSTANT_CONVERSION = YES;
				CLANG_WARN_DEPRECATED_OBJC_IMPLEMENTATIONS = YES;
				CLANG_WARN_DIRECT_OBJC_ISA_USAGE = YES_ERROR;
				CLANG_WARN_DOCUMENTATION_COMMENTS = YES;
				CLANG_WARN_EMPTY_BODY = YES;
				CLANG_WARN_ENUM_CONVERSION = YES;
				CLANG_WARN_INFINITE_RECURSION = YES;
				CLANG_WARN_INT_CONVERSION = YES;
				CLANG_WARN_NON_LITERAL_NULL_CONVERSION = YES;
				CLANG_WARN_OBJC_IMPLICIT_RETAIN_SELF = YES;
				CLANG_WARN_OBJC_LITERAL_CONVERSION = YES;
				CLANG_WARN_OBJC_ROOT_CLASS = YES_ERROR;
				CLANG_WARN_QUOTED_INCLUDE_IN_FRAMEWORK_HEADER = YES;
				CLANG_WARN_RANGE_LOOP_ANALYSIS = YES;
				CLANG_WARN_STRICT_PROTOTYPES = YES;
				CLANG_WARN_SUSPICIOUS_MOVE = YES;
				CLANG_WARN_UNGUARDED_AVAILABILITY = YES_AGGRESSIVE;
				CLANG_WARN_UNREACHABLE_CODE = YES;
				CLANG_WARN__DUPLICATE_METHOD_MATCH = YES;
				COPY_PHASE_STRIP = NO;
				DEBUG_INFORMATION_FORMAT = dwarf;
				ENABLE_STRICT_OBJC_MSGSEND = YES;
				ENABLE_TESTABILITY = YES;
				GCC_C_LANGUAGE_STANDARD = gnu11;
				GCC_DYNAMIC_NO_PIC = NO;
				GCC_NO_COMMON_BLOCKS = YES;
				GCC_OPTIMIZATION_LEVEL = 0;
				GCC_PREPROCESSOR_DEFINITIONS = (
					"DEBUG=1",
					"$(inherited)",
				);
				GCC_WARN_64_TO_32_BIT_CONVERSION = YES;
				GCC_WARN_ABOUT_RETURN_TYPE = YES_ERROR;
				GCC_WARN_UNDECLARED_SELECTOR = YES;
				GCC_WARN_UNINITIALIZED_AUTOS = YES_AGGRESSIVE;
				GCC_WARN_UNUSED_FUNCTION = YES;
				GCC_WARN_UNUSED_VARIABLE = YES;
				IPHONEOS_DEPLOYMENT_TARGET = 15.5;
				MTL_ENABLE_DEBUG_INFO = INCLUDE_SOURCE;
				MTL_FAST_MATH = YES;
				ONLY_ACTIVE_ARCH = YES;
				SDKROOT = iphoneos;
				SWIFT_ACTIVE_COMPILATION_CONDITIONS = DEBUG;
				SWIFT_OPTIMIZATION_LEVEL = "-Onone";
			};
			name = Debug;
		};
		3D96DD042840D9B100613BCA /* Release */ = {
			isa = XCBuildConfiguration;
			buildSettings = {
				ALWAYS_SEARCH_USER_PATHS = NO;
				CLANG_ANALYZER_NONNULL = YES;
				CLANG_ANALYZER_NUMBER_OBJECT_CONVERSION = YES_AGGRESSIVE;
				CLANG_CXX_LANGUAGE_STANDARD = "gnu++17";
				CLANG_ENABLE_MODULES = YES;
				CLANG_ENABLE_OBJC_ARC = YES;
				CLANG_ENABLE_OBJC_WEAK = YES;
				CLANG_WARN_BLOCK_CAPTURE_AUTORELEASING = YES;
				CLANG_WARN_BOOL_CONVERSION = YES;
				CLANG_WARN_COMMA = YES;
				CLANG_WARN_CONSTANT_CONVERSION = YES;
				CLANG_WARN_DEPRECATED_OBJC_IMPLEMENTATIONS = YES;
				CLANG_WARN_DIRECT_OBJC_ISA_USAGE = YES_ERROR;
				CLANG_WARN_DOCUMENTATION_COMMENTS = YES;
				CLANG_WARN_EMPTY_BODY = YES;
				CLANG_WARN_ENUM_CONVERSION = YES;
				CLANG_WARN_INFINITE_RECURSION = YES;
				CLANG_WARN_INT_CONVERSION = YES;
				CLANG_WARN_NON_LITERAL_NULL_CONVERSION = YES;
				CLANG_WARN_OBJC_IMPLICIT_RETAIN_SELF = YES;
				CLANG_WARN_OBJC_LITERAL_CONVERSION = YES;
				CLANG_WARN_OBJC_ROOT_CLASS = YES_ERROR;
				CLANG_WARN_QUOTED_INCLUDE_IN_FRAMEWORK_HEADER = YES;
				CLANG_WARN_RANGE_LOOP_ANALYSIS = YES;
				CLANG_WARN_STRICT_PROTOTYPES = YES;
				CLANG_WARN_SUSPICIOUS_MOVE = YES;
				CLANG_WARN_UNGUARDED_AVAILABILITY = YES_AGGRESSIVE;
				CLANG_WARN_UNREACHABLE_CODE = YES;
				CLANG_WARN__DUPLICATE_METHOD_MATCH = YES;
				COPY_PHASE_STRIP = NO;
				DEBUG_INFORMATION_FORMAT = "dwarf-with-dsym";
				ENABLE_NS_ASSERTIONS = NO;
				ENABLE_STRICT_OBJC_MSGSEND = YES;
				GCC_C_LANGUAGE_STANDARD = gnu11;
				GCC_NO_COMMON_BLOCKS = YES;
				GCC_WARN_64_TO_32_BIT_CONVERSION = YES;
				GCC_WARN_ABOUT_RETURN_TYPE = YES_ERROR;
				GCC_WARN_UNDECLARED_SELECTOR = YES;
				GCC_WARN_UNINITIALIZED_AUTOS = YES_AGGRESSIVE;
				GCC_WARN_UNUSED_FUNCTION = YES;
				GCC_WARN_UNUSED_VARIABLE = YES;
				IPHONEOS_DEPLOYMENT_TARGET = 15.5;
				MTL_ENABLE_DEBUG_INFO = NO;
				MTL_FAST_MATH = YES;
				SDKROOT = iphoneos;
				SWIFT_COMPILATION_MODE = wholemodule;
				SWIFT_OPTIMIZATION_LEVEL = "-O";
				VALIDATE_PRODUCT = YES;
			};
			name = Release;
		};
		3D96DD062840D9B100613BCA /* Debug */ = {
			isa = XCBuildConfiguration;
			buildSettings = {
				ASSETCATALOG_COMPILER_APPICON_NAME = AppIcon;
				ASSETCATALOG_COMPILER_GLOBAL_ACCENT_COLOR_NAME = AccentColor;
				CODE_SIGN_STYLE = Automatic;
				CURRENT_PROJECT_VERSION = 1;
				GENERATE_INFOPLIST_FILE = YES;
				INFOPLIST_FILE = GiphySearch/Info.plist;
				INFOPLIST_KEY_UIApplicationSupportsIndirectInputEvents = YES;
				INFOPLIST_KEY_UILaunchStoryboardName = LaunchScreen;
				INFOPLIST_KEY_UISupportedInterfaceOrientations_iPad = "UIInterfaceOrientationPortrait UIInterfaceOrientationPortraitUpsideDown UIInterfaceOrientationLandscapeLeft UIInterfaceOrientationLandscapeRight";
				INFOPLIST_KEY_UISupportedInterfaceOrientations_iPhone = "UIInterfaceOrientationPortrait UIInterfaceOrientationLandscapeLeft UIInterfaceOrientationLandscapeRight";
				LD_RUNPATH_SEARCH_PATHS = (
					"$(inherited)",
					"@executable_path/Frameworks",
				);
				MARKETING_VERSION = 1.0;
				PRODUCT_BUNDLE_IDENTIFIER = generic.GiphySearch;
				PRODUCT_NAME = "$(TARGET_NAME)";
				SWIFT_EMIT_LOC_STRINGS = YES;
				SWIFT_VERSION = 5.0;
				TARGETED_DEVICE_FAMILY = "1,2";
			};
			name = Debug;
		};
		3D96DD072840D9B100613BCA /* Release */ = {
			isa = XCBuildConfiguration;
			buildSettings = {
				ASSETCATALOG_COMPILER_APPICON_NAME = AppIcon;
				ASSETCATALOG_COMPILER_GLOBAL_ACCENT_COLOR_NAME = AccentColor;
				CODE_SIGN_STYLE = Automatic;
				CURRENT_PROJECT_VERSION = 1;
				GENERATE_INFOPLIST_FILE = YES;
				INFOPLIST_FILE = GiphySearch/Info.plist;
				INFOPLIST_KEY_UIApplicationSupportsIndirectInputEvents = YES;
				INFOPLIST_KEY_UILaunchStoryboardName = LaunchScreen;
				INFOPLIST_KEY_UISupportedInterfaceOrientations_iPad = "UIInterfaceOrientationPortrait UIInterfaceOrientationPortraitUpsideDown UIInterfaceOrientationLandscapeLeft UIInterfaceOrientationLandscapeRight";
				INFOPLIST_KEY_UISupportedInterfaceOrientations_iPhone = "UIInterfaceOrientationPortrait UIInterfaceOrientationLandscapeLeft UIInterfaceOrientationLandscapeRight";
				LD_RUNPATH_SEARCH_PATHS = (
					"$(inherited)",
					"@executable_path/Frameworks",
				);
				MARKETING_VERSION = 1.0;
				PRODUCT_BUNDLE_IDENTIFIER = generic.GiphySearch;
				PRODUCT_NAME = "$(TARGET_NAME)";
				SWIFT_EMIT_LOC_STRINGS = YES;
				SWIFT_VERSION = 5.0;
				TARGETED_DEVICE_FAMILY = "1,2";
			};
			name = Release;
		};
		3D96DD092840D9B100613BCA /* Debug */ = {
			isa = XCBuildConfiguration;
			buildSettings = {
				ALWAYS_EMBED_SWIFT_STANDARD_LIBRARIES = YES;
				BUNDLE_LOADER = "$(TEST_HOST)";
				CODE_SIGN_STYLE = Automatic;
				CURRENT_PROJECT_VERSION = 1;
				GENERATE_INFOPLIST_FILE = YES;
				IPHONEOS_DEPLOYMENT_TARGET = 15.5;
				MARKETING_VERSION = 1.0;
				PRODUCT_BUNDLE_IDENTIFIER = generic.GiphySearchTests;
				PRODUCT_NAME = "$(TARGET_NAME)";
				SWIFT_EMIT_LOC_STRINGS = NO;
				SWIFT_VERSION = 5.0;
				TARGETED_DEVICE_FAMILY = "1,2";
				TEST_HOST = "$(BUILT_PRODUCTS_DIR)/GiphySearch.app/GiphySearch";
			};
			name = Debug;
		};
		3D96DD0A2840D9B100613BCA /* Release */ = {
			isa = XCBuildConfiguration;
			buildSettings = {
				ALWAYS_EMBED_SWIFT_STANDARD_LIBRARIES = YES;
				BUNDLE_LOADER = "$(TEST_HOST)";
				CODE_SIGN_STYLE = Automatic;
				CURRENT_PROJECT_VERSION = 1;
				GENERATE_INFOPLIST_FILE = YES;
				IPHONEOS_DEPLOYMENT_TARGET = 15.5;
				MARKETING_VERSION = 1.0;
				PRODUCT_BUNDLE_IDENTIFIER = generic.GiphySearchTests;
				PRODUCT_NAME = "$(TARGET_NAME)";
				SWIFT_EMIT_LOC_STRINGS = NO;
				SWIFT_VERSION = 5.0;
				TARGETED_DEVICE_FAMILY = "1,2";
				TEST_HOST = "$(BUILT_PRODUCTS_DIR)/GiphySearch.app/GiphySearch";
			};
			name = Release;
		};
		3D96DD0C2840D9B100613BCA /* Debug */ = {
			isa = XCBuildConfiguration;
			buildSettings = {
				ALWAYS_EMBED_SWIFT_STANDARD_LIBRARIES = YES;
				CODE_SIGN_STYLE = Automatic;
				CURRENT_PROJECT_VERSION = 1;
				GENERATE_INFOPLIST_FILE = YES;
				MARKETING_VERSION = 1.0;
				PRODUCT_BUNDLE_IDENTIFIER = generic.GiphySearchUITests;
				PRODUCT_NAME = "$(TARGET_NAME)";
				SWIFT_EMIT_LOC_STRINGS = NO;
				SWIFT_VERSION = 5.0;
				TARGETED_DEVICE_FAMILY = "1,2";
				TEST_TARGET_NAME = GiphySearch;
			};
			name = Debug;
		};
		3D96DD0D2840D9B100613BCA /* Release */ = {
			isa = XCBuildConfiguration;
			buildSettings = {
				ALWAYS_EMBED_SWIFT_STANDARD_LIBRARIES = YES;
				CODE_SIGN_STYLE = Automatic;
				CURRENT_PROJECT_VERSION = 1;
				GENERATE_INFOPLIST_FILE = YES;
				MARKETING_VERSION = 1.0;
				PRODUCT_BUNDLE_IDENTIFIER = generic.GiphySearchUITests;
				PRODUCT_NAME = "$(TARGET_NAME)";
				SWIFT_EMIT_LOC_STRINGS = NO;
				SWIFT_VERSION = 5.0;
				TARGETED_DEVICE_FAMILY = "1,2";
				TEST_TARGET_NAME = GiphySearch;
			};
			name = Release;
		};
/* End XCBuildConfiguration section */

/* Begin XCConfigurationList section */
		3D96DCD62840D9B000613BCA /* Build configuration list for PBXProject "GiphySearch" */ = {
			isa = XCConfigurationList;
			buildConfigurations = (
				3D96DD032840D9B100613BCA /* Debug */,
				3D96DD042840D9B100613BCA /* Release */,
			);
			defaultConfigurationIsVisible = 0;
			defaultConfigurationName = Release;
		};
		3D96DD052840D9B100613BCA /* Build configuration list for PBXNativeTarget "GiphySearch" */ = {
			isa = XCConfigurationList;
			buildConfigurations = (
				3D96DD062840D9B100613BCA /* Debug */,
				3D96DD072840D9B100613BCA /* Release */,
			);
			defaultConfigurationIsVisible = 0;
			defaultConfigurationName = Release;
		};
		3D96DD082840D9B100613BCA /* Build configuration list for PBXNativeTarget "GiphySearchTests" */ = {
			isa = XCConfigurationList;
			buildConfigurations = (
				3D96DD092840D9B100613BCA /* Debug */,
				3D96DD0A2840D9B100613BCA /* Release */,
			);
			defaultConfigurationIsVisible = 0;
			defaultConfigurationName = Release;
		};
		3D96DD0B2840D9B100613BCA /* Build configuration list for PBXNativeTarget "GiphySearchUITests" */ = {
			isa = XCConfigurationList;
			buildConfigurations = (
				3D96DD0C2840D9B100613BCA /* Debug */,
				3D96DD0D2840D9B100613BCA /* Release */,
			);
			defaultConfigurationIsVisible = 0;
			defaultConfigurationName = Release;
		};
/* End XCConfigurationList section */

/* Begin XCRemoteSwiftPackageReference section */
		3D96DD0E2840DA0900613BCA /* XCRemoteSwiftPackageReference "FLAnimatedImage" */ = {
			isa = XCRemoteSwiftPackageReference;
			repositoryURL = "https://github.com/Flipboard/FLAnimatedImage.git";
			requirement = {
				branch = master;
				kind = branch;
			};
		};
/* End XCRemoteSwiftPackageReference section */

/* Begin XCSwiftPackageProductDependency section */
		3D96DD0F2840DA0900613BCA /* FLAnimatedImage */ = {
			isa = XCSwiftPackageProductDependency;
			package = 3D96DD0E2840DA0900613BCA /* XCRemoteSwiftPackageReference "FLAnimatedImage" */;
			productName = FLAnimatedImage;
		};
/* End XCSwiftPackageProductDependency section */
	};
	rootObject = 3D96DCD32840D9B000613BCA /* Project object */;
}
